
Microsoft Visual Studio Solution File, Format Version 12.00
# Visual Studio Version 16
VisualStudioVersion = 16.0.31911.196
MinimumVisualStudioVersion = 10.0.40219.1
Project("{FAE04EC0-301F-11D3-BF4B-00C04F79EFBC}") = "OblOpgave1", "OblOpgave1.csproj", "{91AFEFD9-1F4F-4810-80C5-D0E8B2F6CA85}"
EndProject
Global
	GlobalSection(SolutionConfigurationPlatforms) = preSolution
		Debug|Any CPU = Debug|Any CPU
		Release|Any CPU = Release|Any CPU
	EndGlobalSection
	GlobalSection(ProjectConfigurationPlatforms) = postSolution
		{91AFEFD9-1F4F-4810-80C5-D0E8B2F6CA85}.Debug|Any CPU.ActiveCfg = Debug|Any CPU
		{91AFEFD9-1F4F-4810-80C5-D0E8B2F6CA85}.Debug|Any CPU.Build.0 = Debug|Any CPU
		{91AFEFD9-1F4F-4810-80C5-D0E8B2F6CA85}.Release|Any CPU.ActiveCfg = Release|Any CPU
		{91AFEFD9-1F4F-4810-80C5-D0E8B2F6CA85}.Release|Any CPU.Build.0 = Release|Any CPU
	EndGlobalSection
	GlobalSection(SolutionProperties) = preSolution
		HideSolutionNode = FALSE
	EndGlobalSection
	GlobalSection(ExtensibilityGlobals) = postSolution
		SolutionGuid = {ECFF1B0B-29AB-47B9-AA1E-85A9B1A69414}
	EndGlobalSection
EndGlobal
